// !$*UTF8*$!
{
	archiveVersion = 1;
	classes = {
	};
	objectVersion = 55;
	objects = {

/* Begin PBXBuildFile section */
		A55BB8EB27C4DB0C00A73E27 /* AppDelegate.swift in Sources */ = {isa = PBXBuildFile; fileRef = A55BB8EA27C4DB0C00A73E27 /* AppDelegate.swift */; };
		A55BB8ED27C4DB0C00A73E27 /* SceneDelegate.swift in Sources */ = {isa = PBXBuildFile; fileRef = A55BB8EC27C4DB0C00A73E27 /* SceneDelegate.swift */; };
		A55BB8EF27C4DB0C00A73E27 /* ViewController.swift in Sources */ = {isa = PBXBuildFile; fileRef = A55BB8EE27C4DB0C00A73E27 /* ViewController.swift */; };
		A55BB8F227C4DB0C00A73E27 /* Main.storyboard in Resources */ = {isa = PBXBuildFile; fileRef = A55BB8F027C4DB0C00A73E27 /* Main.storyboard */; };
		A55BB8F427C4DB0F00A73E27 /* Assets.xcassets in Resources */ = {isa = PBXBuildFile; fileRef = A55BB8F327C4DB0F00A73E27 /* Assets.xcassets */; };
		A55BB8F727C4DB0F00A73E27 /* LaunchScreen.storyboard in Resources */ = {isa = PBXBuildFile; fileRef = A55BB8F527C4DB0F00A73E27 /* LaunchScreen.storyboard */; };
		A55BB8FC27C4DB0F00A73E27 /* connectivity WatchKit App.app in Embed Watch Content */ = {isa = PBXBuildFile; fileRef = A55BB8FB27C4DB0F00A73E27 /* connectivity WatchKit App.app */; settings = {ATTRIBUTES = (RemoveHeadersOnCopy, ); }; };
		A55BB90227C4DB0F00A73E27 /* Interface.storyboard in Resources */ = {isa = PBXBuildFile; fileRef = A55BB90027C4DB0F00A73E27 /* Interface.storyboard */; };
		A55BB90427C4DB1000A73E27 /* Assets.xcassets in Resources */ = {isa = PBXBuildFile; fileRef = A55BB90327C4DB1000A73E27 /* Assets.xcassets */; };
		A55BB90A27C4DB1000A73E27 /* connectivity WatchKit Extension.appex in Embed App Extensions */ = {isa = PBXBuildFile; fileRef = A55BB90927C4DB1000A73E27 /* connectivity WatchKit Extension.appex */; settings = {ATTRIBUTES = (RemoveHeadersOnCopy, ); }; };
		A55BB90F27C4DB1000A73E27 /* InterfaceController.swift in Sources */ = {isa = PBXBuildFile; fileRef = A55BB90E27C4DB1000A73E27 /* InterfaceController.swift */; };
		A55BB91127C4DB1000A73E27 /* ExtensionDelegate.swift in Sources */ = {isa = PBXBuildFile; fileRef = A55BB91027C4DB1000A73E27 /* ExtensionDelegate.swift */; };
		A55BB91327C4DB1000A73E27 /* NotificationController.swift in Sources */ = {isa = PBXBuildFile; fileRef = A55BB91227C4DB1000A73E27 /* NotificationController.swift */; };
		A55BB91527C4DB1000A73E27 /* ComplicationController.swift in Sources */ = {isa = PBXBuildFile; fileRef = A55BB91427C4DB1000A73E27 /* ComplicationController.swift */; };
		A55BB91727C4DB1100A73E27 /* Assets.xcassets in Resources */ = {isa = PBXBuildFile; fileRef = A55BB91627C4DB1100A73E27 /* Assets.xcassets */; };
		A59DE52527C632AC00824616 /* ModalInterfaceController.swift in Sources */ = {isa = PBXBuildFile; fileRef = A59DE52427C632AC00824616 /* ModalInterfaceController.swift */; };
		A5A94D0C27C6412B000B0103 /* ConnectivityService.swift in Sources */ = {isa = PBXBuildFile; fileRef = A5A94D0B27C6412B000B0103 /* ConnectivityService.swift */; };
		A5A94D0E27C6525F000B0103 /* TableDataPersistanceService.swift in Sources */ = {isa = PBXBuildFile; fileRef = A5A94D0D27C6525F000B0103 /* TableDataPersistanceService.swift */; };
		A5C48E3927C62ACF006CC4AD /* TableInterfaceController.swift in Sources */ = {isa = PBXBuildFile; fileRef = A5C48E3827C62ACF006CC4AD /* TableInterfaceController.swift */; };
		A5C48E3B27C62D14006CC4AD /* TableRow.swift in Sources */ = {isa = PBXBuildFile; fileRef = A5C48E3A27C62D14006CC4AD /* TableRow.swift */; };
/* End PBXBuildFile section */

/* Begin PBXContainerItemProxy section */
		A55BB8FD27C4DB0F00A73E27 /* PBXContainerItemProxy */ = {
			isa = PBXContainerItemProxy;
			containerPortal = A55BB8DF27C4DB0C00A73E27 /* Project object */;
			proxyType = 1;
			remoteGlobalIDString = A55BB8FA27C4DB0F00A73E27;
			remoteInfo = "connectivity WatchKit App";
		};
		A55BB90B27C4DB1000A73E27 /* PBXContainerItemProxy */ = {
			isa = PBXContainerItemProxy;
			containerPortal = A55BB8DF27C4DB0C00A73E27 /* Project object */;
			proxyType = 1;
			remoteGlobalIDString = A55BB90827C4DB1000A73E27;
			remoteInfo = "connectivity WatchKit Extension";
		};
/* End PBXContainerItemProxy section */

/* Begin PBXCopyFilesBuildPhase section */
		A55BB91F27C4DB1100A73E27 /* Embed App Extensions */ = {
			isa = PBXCopyFilesBuildPhase;
			buildActionMask = 2147483647;
			dstPath = "";
			dstSubfolderSpec = 13;
			files = (
				A55BB90A27C4DB1000A73E27 /* connectivity WatchKit Extension.appex in Embed App Extensions */,
			);
			name = "Embed App Extensions";
			runOnlyForDeploymentPostprocessing = 0;
		};
		A55BB92327C4DB1100A73E27 /* Embed Watch Content */ = {
			isa = PBXCopyFilesBuildPhase;
			buildActionMask = 2147483647;
			dstPath = "$(CONTENTS_FOLDER_PATH)/Watch";
			dstSubfolderSpec = 16;
			files = (
				A55BB8FC27C4DB0F00A73E27 /* connectivity WatchKit App.app in Embed Watch Content */,
			);
			name = "Embed Watch Content";
			runOnlyForDeploymentPostprocessing = 0;
		};
/* End PBXCopyFilesBuildPhase section */

/* Begin PBXFileReference section */
		A55BB8E727C4DB0C00A73E27 /* connectivity.app */ = {isa = PBXFileReference; explicitFileType = wrapper.application; includeInIndex = 0; path = connectivity.app; sourceTree = BUILT_PRODUCTS_DIR; };
		A55BB8EA27C4DB0C00A73E27 /* AppDelegate.swift */ = {isa = PBXFileReference; lastKnownFileType = sourcecode.swift; path = AppDelegate.swift; sourceTree = "<group>"; };
		A55BB8EC27C4DB0C00A73E27 /* SceneDelegate.swift */ = {isa = PBXFileReference; lastKnownFileType = sourcecode.swift; path = SceneDelegate.swift; sourceTree = "<group>"; };
		A55BB8EE27C4DB0C00A73E27 /* ViewController.swift */ = {isa = PBXFileReference; lastKnownFileType = sourcecode.swift; path = ViewController.swift; sourceTree = "<group>"; };
		A55BB8F127C4DB0C00A73E27 /* Base */ = {isa = PBXFileReference; lastKnownFileType = file.storyboard; name = Base; path = Base.lproj/Main.storyboard; sourceTree = "<group>"; };
		A55BB8F327C4DB0F00A73E27 /* Assets.xcassets */ = {isa = PBXFileReference; lastKnownFileType = folder.assetcatalog; path = Assets.xcassets; sourceTree = "<group>"; };
		A55BB8F627C4DB0F00A73E27 /* Base */ = {isa = PBXFileReference; lastKnownFileType = file.storyboard; name = Base; path = Base.lproj/LaunchScreen.storyboard; sourceTree = "<group>"; };
		A55BB8F827C4DB0F00A73E27 /* Info.plist */ = {isa = PBXFileReference; lastKnownFileType = text.plist.xml; path = Info.plist; sourceTree = "<group>"; };
		A55BB8FB27C4DB0F00A73E27 /* connectivity WatchKit App.app */ = {isa = PBXFileReference; explicitFileType = wrapper.application; includeInIndex = 0; path = "connectivity WatchKit App.app"; sourceTree = BUILT_PRODUCTS_DIR; };
		A55BB90127C4DB0F00A73E27 /* Base */ = {isa = PBXFileReference; lastKnownFileType = file.storyboard; name = Base; path = Base.lproj/Interface.storyboard; sourceTree = "<group>"; };
		A55BB90327C4DB1000A73E27 /* Assets.xcassets */ = {isa = PBXFileReference; lastKnownFileType = folder.assetcatalog; path = Assets.xcassets; sourceTree = "<group>"; };
		A55BB90927C4DB1000A73E27 /* connectivity WatchKit Extension.appex */ = {isa = PBXFileReference; explicitFileType = "wrapper.app-extension"; includeInIndex = 0; path = "connectivity WatchKit Extension.appex"; sourceTree = BUILT_PRODUCTS_DIR; };
		A55BB90E27C4DB1000A73E27 /* InterfaceController.swift */ = {isa = PBXFileReference; lastKnownFileType = sourcecode.swift; path = InterfaceController.swift; sourceTree = "<group>"; };
		A55BB91027C4DB1000A73E27 /* ExtensionDelegate.swift */ = {isa = PBXFileReference; lastKnownFileType = sourcecode.swift; path = ExtensionDelegate.swift; sourceTree = "<group>"; };
		A55BB91227C4DB1000A73E27 /* NotificationController.swift */ = {isa = PBXFileReference; lastKnownFileType = sourcecode.swift; path = NotificationController.swift; sourceTree = "<group>"; };
		A55BB91427C4DB1000A73E27 /* ComplicationController.swift */ = {isa = PBXFileReference; lastKnownFileType = sourcecode.swift; path = ComplicationController.swift; sourceTree = "<group>"; };
		A55BB91627C4DB1100A73E27 /* Assets.xcassets */ = {isa = PBXFileReference; lastKnownFileType = folder.assetcatalog; path = Assets.xcassets; sourceTree = "<group>"; };
		A55BB91827C4DB1100A73E27 /* Info.plist */ = {isa = PBXFileReference; lastKnownFileType = text.plist.xml; path = Info.plist; sourceTree = "<group>"; };
		A55BB91927C4DB1100A73E27 /* PushNotificationPayload.apns */ = {isa = PBXFileReference; lastKnownFileType = text; path = PushNotificationPayload.apns; sourceTree = "<group>"; };
		A59DE52427C632AC00824616 /* ModalInterfaceController.swift */ = {isa = PBXFileReference; lastKnownFileType = sourcecode.swift; path = ModalInterfaceController.swift; sourceTree = "<group>"; };
		A5A94D0B27C6412B000B0103 /* ConnectivityService.swift */ = {isa = PBXFileReference; lastKnownFileType = sourcecode.swift; path = ConnectivityService.swift; sourceTree = "<group>"; };
		A5A94D0D27C6525F000B0103 /* TableDataPersistanceService.swift */ = {isa = PBXFileReference; lastKnownFileType = sourcecode.swift; path = TableDataPersistanceService.swift; sourceTree = "<group>"; };
		A5C48E3827C62ACF006CC4AD /* TableInterfaceController.swift */ = {isa = PBXFileReference; lastKnownFileType = sourcecode.swift; path = TableInterfaceController.swift; sourceTree = "<group>"; };
		A5C48E3A27C62D14006CC4AD /* TableRow.swift */ = {isa = PBXFileReference; lastKnownFileType = sourcecode.swift; path = TableRow.swift; sourceTree = "<group>"; };
/* End PBXFileReference section */

/* Begin PBXFrameworksBuildPhase section */
		A55BB8E427C4DB0C00A73E27 /* Frameworks */ = {
			isa = PBXFrameworksBuildPhase;
			buildActionMask = 2147483647;
			files = (
			);
			runOnlyForDeploymentPostprocessing = 0;
		};
		A55BB90627C4DB1000A73E27 /* Frameworks */ = {
			isa = PBXFrameworksBuildPhase;
			buildActionMask = 2147483647;
			files = (
			);
			runOnlyForDeploymentPostprocessing = 0;
		};
/* End PBXFrameworksBuildPhase section */

/* Begin PBXGroup section */
		A55BB8DE27C4DB0C00A73E27 = {
			isa = PBXGroup;
			children = (
				A55BB8E927C4DB0C00A73E27 /* connectivity */,
				A55BB8FF27C4DB0F00A73E27 /* connectivity WatchKit App */,
				A55BB90D27C4DB1000A73E27 /* connectivity WatchKit Extension */,
				A55BB8E827C4DB0C00A73E27 /* Products */,
			);
			sourceTree = "<group>";
		};
		A55BB8E827C4DB0C00A73E27 /* Products */ = {
			isa = PBXGroup;
			children = (
				A55BB8E727C4DB0C00A73E27 /* connectivity.app */,
				A55BB8FB27C4DB0F00A73E27 /* connectivity WatchKit App.app */,
				A55BB90927C4DB1000A73E27 /* connectivity WatchKit Extension.appex */,
			);
			name = Products;
			sourceTree = "<group>";
		};
		A55BB8E927C4DB0C00A73E27 /* connectivity */ = {
			isa = PBXGroup;
			children = (
				A55BB8EA27C4DB0C00A73E27 /* AppDelegate.swift */,
				A55BB8EC27C4DB0C00A73E27 /* SceneDelegate.swift */,
				A55BB8EE27C4DB0C00A73E27 /* ViewController.swift */,
				A55BB8F027C4DB0C00A73E27 /* Main.storyboard */,
				A55BB8F327C4DB0F00A73E27 /* Assets.xcassets */,
				A55BB8F527C4DB0F00A73E27 /* LaunchScreen.storyboard */,
				A55BB8F827C4DB0F00A73E27 /* Info.plist */,
			);
			path = connectivity;
			sourceTree = "<group>";
		};
		A55BB8FF27C4DB0F00A73E27 /* connectivity WatchKit App */ = {
			isa = PBXGroup;
			children = (
				A55BB90027C4DB0F00A73E27 /* Interface.storyboard */,
				A55BB90327C4DB1000A73E27 /* Assets.xcassets */,
			);
			path = "connectivity WatchKit App";
			sourceTree = "<group>";
		};
		A55BB90D27C4DB1000A73E27 /* connectivity WatchKit Extension */ = {
			isa = PBXGroup;
			children = (
				A5A94D0A27C640FF000B0103 /* Services */,
				A5C48E3727C62A9A006CC4AD /* Interfaces */,
				A55BB91027C4DB1000A73E27 /* ExtensionDelegate.swift */,
				A55BB91227C4DB1000A73E27 /* NotificationController.swift */,
				A55BB91427C4DB1000A73E27 /* ComplicationController.swift */,
				A55BB91627C4DB1100A73E27 /* Assets.xcassets */,
				A55BB91827C4DB1100A73E27 /* Info.plist */,
				A55BB91927C4DB1100A73E27 /* PushNotificationPayload.apns */,
			);
			path = "connectivity WatchKit Extension";
			sourceTree = "<group>";
		};
		A5A94D0927C63CE9000B0103 /* Table */ = {
			isa = PBXGroup;
			children = (
				A5C48E3827C62ACF006CC4AD /* TableInterfaceController.swift */,
				A5C48E3A27C62D14006CC4AD /* TableRow.swift */,
			);
			path = Table;
			sourceTree = "<group>";
		};
		A5A94D0A27C640FF000B0103 /* Services */ = {
			isa = PBXGroup;
			children = (
				A5A94D0B27C6412B000B0103 /* ConnectivityService.swift */,
				A5A94D0D27C6525F000B0103 /* TableDataPersistanceService.swift */,
			);
			path = Services;
			sourceTree = "<group>";
		};
		A5C48E3727C62A9A006CC4AD /* Interfaces */ = {
			isa = PBXGroup;
			children = (
				A55BB90E27C4DB1000A73E27 /* InterfaceController.swift */,
				A5A94D0927C63CE9000B0103 /* Table */,
				A59DE52427C632AC00824616 /* ModalInterfaceController.swift */,
			);
			path = Interfaces;
			sourceTree = "<group>";
		};
/* End PBXGroup section */

/* Begin PBXNativeTarget section */
		A55BB8E627C4DB0C00A73E27 /* connectivity */ = {
			isa = PBXNativeTarget;
			buildConfigurationList = A55BB92427C4DB1100A73E27 /* Build configuration list for PBXNativeTarget "connectivity" */;
			buildPhases = (
				A55BB8E327C4DB0C00A73E27 /* Sources */,
				A55BB8E427C4DB0C00A73E27 /* Frameworks */,
				A55BB8E527C4DB0C00A73E27 /* Resources */,
				A55BB92327C4DB1100A73E27 /* Embed Watch Content */,
			);
			buildRules = (
			);
			dependencies = (
				A55BB8FE27C4DB0F00A73E27 /* PBXTargetDependency */,
			);
			name = connectivity;
			productName = connectivity;
			productReference = A55BB8E727C4DB0C00A73E27 /* connectivity.app */;
			productType = "com.apple.product-type.application";
		};
		A55BB8FA27C4DB0F00A73E27 /* connectivity WatchKit App */ = {
			isa = PBXNativeTarget;
			buildConfigurationList = A55BB92027C4DB1100A73E27 /* Build configuration list for PBXNativeTarget "connectivity WatchKit App" */;
			buildPhases = (
				A55BB8F927C4DB0F00A73E27 /* Resources */,
				A55BB91F27C4DB1100A73E27 /* Embed App Extensions */,
			);
			buildRules = (
			);
			dependencies = (
				A55BB90C27C4DB1000A73E27 /* PBXTargetDependency */,
			);
			name = "connectivity WatchKit App";
			productName = "connectivity WatchKit App";
			productReference = A55BB8FB27C4DB0F00A73E27 /* connectivity WatchKit App.app */;
			productType = "com.apple.product-type.application.watchapp2";
		};
		A55BB90827C4DB1000A73E27 /* connectivity WatchKit Extension */ = {
			isa = PBXNativeTarget;
			buildConfigurationList = A55BB91C27C4DB1100A73E27 /* Build configuration list for PBXNativeTarget "connectivity WatchKit Extension" */;
			buildPhases = (
				A55BB90527C4DB1000A73E27 /* Sources */,
				A55BB90627C4DB1000A73E27 /* Frameworks */,
				A55BB90727C4DB1000A73E27 /* Resources */,
			);
			buildRules = (
			);
			dependencies = (
			);
			name = "connectivity WatchKit Extension";
			productName = "connectivity WatchKit Extension";
			productReference = A55BB90927C4DB1000A73E27 /* connectivity WatchKit Extension.appex */;
			productType = "com.apple.product-type.watchkit2-extension";
		};
/* End PBXNativeTarget section */

/* Begin PBXProject section */
		A55BB8DF27C4DB0C00A73E27 /* Project object */ = {
			isa = PBXProject;
			attributes = {
				BuildIndependentTargetsInParallel = 1;
				LastSwiftUpdateCheck = 1320;
				LastUpgradeCheck = 1320;
				TargetAttributes = {
					A55BB8E627C4DB0C00A73E27 = {
						CreatedOnToolsVersion = 13.2.1;
					};
					A55BB8FA27C4DB0F00A73E27 = {
						CreatedOnToolsVersion = 13.2.1;
					};
					A55BB90827C4DB1000A73E27 = {
						CreatedOnToolsVersion = 13.2.1;
					};
				};
			};
			buildConfigurationList = A55BB8E227C4DB0C00A73E27 /* Build configuration list for PBXProject "connectivity" */;
			compatibilityVersion = "Xcode 13.0";
			developmentRegion = en;
			hasScannedForEncodings = 0;
			knownRegions = (
				en,
				Base,
			);
			mainGroup = A55BB8DE27C4DB0C00A73E27;
			productRefGroup = A55BB8E827C4DB0C00A73E27 /* Products */;
			projectDirPath = "";
			projectRoot = "";
			targets = (
				A55BB8E627C4DB0C00A73E27 /* connectivity */,
				A55BB8FA27C4DB0F00A73E27 /* connectivity WatchKit App */,
				A55BB90827C4DB1000A73E27 /* connectivity WatchKit Extension */,
			);
		};
/* End PBXProject section */

/* Begin PBXResourcesBuildPhase section */
		A55BB8E527C4DB0C00A73E27 /* Resources */ = {
			isa = PBXResourcesBuildPhase;
			buildActionMask = 2147483647;
			files = (
				A55BB8F727C4DB0F00A73E27 /* LaunchScreen.storyboard in Resources */,
				A55BB8F427C4DB0F00A73E27 /* Assets.xcassets in Resources */,
				A55BB8F227C4DB0C00A73E27 /* Main.storyboard in Resources */,
			);
			runOnlyForDeploymentPostprocessing = 0;
		};
		A55BB8F927C4DB0F00A73E27 /* Resources */ = {
			isa = PBXResourcesBuildPhase;
			buildActionMask = 2147483647;
			files = (
				A55BB90427C4DB1000A73E27 /* Assets.xcassets in Resources */,
				A55BB90227C4DB0F00A73E27 /* Interface.storyboard in Resources */,
			);
			runOnlyForDeploymentPostprocessing = 0;
		};
		A55BB90727C4DB1000A73E27 /* Resources */ = {
			isa = PBXResourcesBuildPhase;
			buildActionMask = 2147483647;
			files = (
				A55BB91727C4DB1100A73E27 /* Assets.xcassets in Resources */,
			);
			runOnlyForDeploymentPostprocessing = 0;
		};
/* End PBXResourcesBuildPhase section */

/* Begin PBXSourcesBuildPhase section */
		A55BB8E327C4DB0C00A73E27 /* Sources */ = {
			isa = PBXSourcesBuildPhase;
			buildActionMask = 2147483647;
			files = (
				A55BB8EF27C4DB0C00A73E27 /* ViewController.swift in Sources */,
				A55BB8EB27C4DB0C00A73E27 /* AppDelegate.swift in Sources */,
				A55BB8ED27C4DB0C00A73E27 /* SceneDelegate.swift in Sources */,
			);
			runOnlyForDeploymentPostprocessing = 0;
		};
		A55BB90527C4DB1000A73E27 /* Sources */ = {
			isa = PBXSourcesBuildPhase;
			buildActionMask = 2147483647;
			files = (
				A5C48E3927C62ACF006CC4AD /* TableInterfaceController.swift in Sources */,
				A55BB91327C4DB1000A73E27 /* NotificationController.swift in Sources */,
				A55BB91527C4DB1000A73E27 /* ComplicationController.swift in Sources */,
				A55BB91127C4DB1000A73E27 /* ExtensionDelegate.swift in Sources */,
				A5A94D0E27C6525F000B0103 /* TableDataPersistanceService.swift in Sources */,
				A5A94D0C27C6412B000B0103 /* ConnectivityService.swift in Sources */,
				A55BB90F27C4DB1000A73E27 /* InterfaceController.swift in Sources */,
				A59DE52527C632AC00824616 /* ModalInterfaceController.swift in Sources */,
				A5C48E3B27C62D14006CC4AD /* TableRow.swift in Sources */,
			);
			runOnlyForDeploymentPostprocessing = 0;
		};
/* End PBXSourcesBuildPhase section */

/* Begin PBXTargetDependency section */
		A55BB8FE27C4DB0F00A73E27 /* PBXTargetDependency */ = {
			isa = PBXTargetDependency;
			target = A55BB8FA27C4DB0F00A73E27 /* connectivity WatchKit App */;
			targetProxy = A55BB8FD27C4DB0F00A73E27 /* PBXContainerItemProxy */;
		};
		A55BB90C27C4DB1000A73E27 /* PBXTargetDependency */ = {
			isa = PBXTargetDependency;
			target = A55BB90827C4DB1000A73E27 /* connectivity WatchKit Extension */;
			targetProxy = A55BB90B27C4DB1000A73E27 /* PBXContainerItemProxy */;
		};
/* End PBXTargetDependency section */

/* Begin PBXVariantGroup section */
		A55BB8F027C4DB0C00A73E27 /* Main.storyboard */ = {
			isa = PBXVariantGroup;
			children = (
				A55BB8F127C4DB0C00A73E27 /* Base */,
			);
			name = Main.storyboard;
			sourceTree = "<group>";
		};
		A55BB8F527C4DB0F00A73E27 /* LaunchScreen.storyboard */ = {
			isa = PBXVariantGroup;
			children = (
				A55BB8F627C4DB0F00A73E27 /* Base */,
			);
			name = LaunchScreen.storyboard;
			sourceTree = "<group>";
		};
		A55BB90027C4DB0F00A73E27 /* Interface.storyboard */ = {
			isa = PBXVariantGroup;
			children = (
				A55BB90127C4DB0F00A73E27 /* Base */,
			);
			name = Interface.storyboard;
			sourceTree = "<group>";
		};
/* End PBXVariantGroup section */

/* Begin XCBuildConfiguration section */
		A55BB91A27C4DB1100A73E27 /* Debug */ = {
			isa = XCBuildConfiguration;
			buildSettings = {
				ALWAYS_SEARCH_USER_PATHS = NO;
				CLANG_ANALYZER_NONNULL = YES;
				CLANG_ANALYZER_NUMBER_OBJECT_CONVERSION = YES_AGGRESSIVE;
				CLANG_CXX_LANGUAGE_STANDARD = "gnu++17";
				CLANG_CXX_LIBRARY = "libc++";
				CLANG_ENABLE_MODULES = YES;
				CLANG_ENABLE_OBJC_ARC = YES;
				CLANG_ENABLE_OBJC_WEAK = YES;
				CLANG_WARN_BLOCK_CAPTURE_AUTORELEASING = YES;
				CLANG_WARN_BOOL_CONVERSION = YES;
				CLANG_WARN_COMMA = YES;
				CLANG_WARN_CONSTANT_CONVERSION = YES;
				CLANG_WARN_DEPRECATED_OBJC_IMPLEMENTATIONS = YES;
				CLANG_WARN_DIRECT_OBJC_ISA_USAGE = YES_ERROR;
				CLANG_WARN_DOCUMENTATION_COMMENTS = YES;
				CLANG_WARN_EMPTY_BODY = YES;
				CLANG_WARN_ENUM_CONVERSION = YES;
				CLANG_WARN_INFINITE_RECURSION = YES;
				CLANG_WARN_INT_CONVERSION = YES;
				CLANG_WARN_NON_LITERAL_NULL_CONVERSION = YES;
				CLANG_WARN_OBJC_IMPLICIT_RETAIN_SELF = YES;
				CLANG_WARN_OBJC_LITERAL_CONVERSION = YES;
				CLANG_WARN_OBJC_ROOT_CLASS = YES_ERROR;
				CLANG_WARN_QUOTED_INCLUDE_IN_FRAMEWORK_HEADER = YES;
				CLANG_WARN_RANGE_LOOP_ANALYSIS = YES;
				CLANG_WARN_STRICT_PROTOTYPES = YES;
				CLANG_WARN_SUSPICIOUS_MOVE = YES;
				CLANG_WARN_UNGUARDED_AVAILABILITY = YES_AGGRESSIVE;
				CLANG_WARN_UNREACHABLE_CODE = YES;
				CLANG_WARN__DUPLICATE_METHOD_MATCH = YES;
				COPY_PHASE_STRIP = NO;
				DEBUG_INFORMATION_FORMAT = dwarf;
				ENABLE_STRICT_OBJC_MSGSEND = YES;
				ENABLE_TESTABILITY = YES;
				GCC_C_LANGUAGE_STANDARD = gnu11;
				GCC_DYNAMIC_NO_PIC = NO;
				GCC_NO_COMMON_BLOCKS = YES;
				GCC_OPTIMIZATION_LEVEL = 0;
				GCC_PREPROCESSOR_DEFINITIONS = (
					"DEBUG=1",
					"$(inherited)",
				);
				GCC_WARN_64_TO_32_BIT_CONVERSION = YES;
				GCC_WARN_ABOUT_RETURN_TYPE = YES_ERROR;
				GCC_WARN_UNDECLARED_SELECTOR = YES;
				GCC_WARN_UNINITIALIZED_AUTOS = YES_AGGRESSIVE;
				GCC_WARN_UNUSED_FUNCTION = YES;
				GCC_WARN_UNUSED_VARIABLE = YES;
				MTL_ENABLE_DEBUG_INFO = INCLUDE_SOURCE;
				MTL_FAST_MATH = YES;
				ONLY_ACTIVE_ARCH = YES;
				SWIFT_ACTIVE_COMPILATION_CONDITIONS = DEBUG;
				SWIFT_OPTIMIZATION_LEVEL = "-Onone";
			};
			name = Debug;
		};
		A55BB91B27C4DB1100A73E27 /* Release */ = {
			isa = XCBuildConfiguration;
			buildSettings = {
				ALWAYS_SEARCH_USER_PATHS = NO;
				CLANG_ANALYZER_NONNULL = YES;
				CLANG_ANALYZER_NUMBER_OBJECT_CONVERSION = YES_AGGRESSIVE;
				CLANG_CXX_LANGUAGE_STANDARD = "gnu++17";
				CLANG_CXX_LIBRARY = "libc++";
				CLANG_ENABLE_MODULES = YES;
				CLANG_ENABLE_OBJC_ARC = YES;
				CLANG_ENABLE_OBJC_WEAK = YES;
				CLANG_WARN_BLOCK_CAPTURE_AUTORELEASING = YES;
				CLANG_WARN_BOOL_CONVERSION = YES;
				CLANG_WARN_COMMA = YES;
				CLANG_WARN_CONSTANT_CONVERSION = YES;
				CLANG_WARN_DEPRECATED_OBJC_IMPLEMENTATIONS = YES;
				CLANG_WARN_DIRECT_OBJC_ISA_USAGE = YES_ERROR;
				CLANG_WARN_DOCUMENTATION_COMMENTS = YES;
				CLANG_WARN_EMPTY_BODY = YES;
				CLANG_WARN_ENUM_CONVERSION = YES;
				CLANG_WARN_INFINITE_RECURSION = YES;
				CLANG_WARN_INT_CONVERSION = YES;
				CLANG_WARN_NON_LITERAL_NULL_CONVERSION = YES;
				CLANG_WARN_OBJC_IMPLICIT_RETAIN_SELF = YES;
				CLANG_WARN_OBJC_LITERAL_CONVERSION = YES;
				CLANG_WARN_OBJC_ROOT_CLASS = YES_ERROR;
				CLANG_WARN_QUOTED_INCLUDE_IN_FRAMEWORK_HEADER = YES;
				CLANG_WARN_RANGE_LOOP_ANALYSIS = YES;
				CLANG_WARN_STRICT_PROTOTYPES = YES;
				CLANG_WARN_SUSPICIOUS_MOVE = YES;
				CLANG_WARN_UNGUARDED_AVAILABILITY = YES_AGGRESSIVE;
				CLANG_WARN_UNREACHABLE_CODE = YES;
				CLANG_WARN__DUPLICATE_METHOD_MATCH = YES;
				COPY_PHASE_STRIP = NO;
				DEBUG_INFORMATION_FORMAT = "dwarf-with-dsym";
				ENABLE_NS_ASSERTIONS = NO;
				ENABLE_STRICT_OBJC_MSGSEND = YES;
				GCC_C_LANGUAGE_STANDARD = gnu11;
				GCC_NO_COMMON_BLOCKS = YES;
				GCC_WARN_64_TO_32_BIT_CONVERSION = YES;
				GCC_WARN_ABOUT_RETURN_TYPE = YES_ERROR;
				GCC_WARN_UNDECLARED_SELECTOR = YES;
				GCC_WARN_UNINITIALIZED_AUTOS = YES_AGGRESSIVE;
				GCC_WARN_UNUSED_FUNCTION = YES;
				GCC_WARN_UNUSED_VARIABLE = YES;
				MTL_ENABLE_DEBUG_INFO = NO;
				MTL_FAST_MATH = YES;
				SWIFT_COMPILATION_MODE = wholemodule;
				SWIFT_OPTIMIZATION_LEVEL = "-O";
			};
			name = Release;
		};
		A55BB91D27C4DB1100A73E27 /* Debug */ = {
			isa = XCBuildConfiguration;
			buildSettings = {
				ASSETCATALOG_COMPILER_COMPLICATION_NAME = Complication;
				CODE_SIGN_STYLE = Automatic;
				CURRENT_PROJECT_VERSION = 1;
				DEVELOPMENT_TEAM = 66QU74C344;
				GENERATE_INFOPLIST_FILE = YES;
				INFOPLIST_FILE = "connectivity WatchKit Extension/Info.plist";
				INFOPLIST_KEY_CFBundleDisplayName = "connectivity WatchKit Extension";
				INFOPLIST_KEY_CLKComplicationPrincipalClass = "$(PRODUCT_MODULE_NAME).ComplicationController";
				INFOPLIST_KEY_NSHumanReadableCopyright = "";
				INFOPLIST_KEY_WKExtensionDelegateClassName = "$(PRODUCT_MODULE_NAME).ExtensionDelegate";
				INFOPLIST_KEY_WKRunsIndependentlyOfCompanionApp = YES;
				LD_RUNPATH_SEARCH_PATHS = (
					"$(inherited)",
					"@executable_path/Frameworks",
					"@executable_path/../../Frameworks",
				);
				MARKETING_VERSION = 1.0;
				PRODUCT_BUNDLE_IDENTIFIER = bezveze.connectivity.watchkitapp.watchkitextension;
				PRODUCT_NAME = "${TARGET_NAME}";
				SDKROOT = watchos;
				SKIP_INSTALL = YES;
				SWIFT_EMIT_LOC_STRINGS = YES;
				SWIFT_VERSION = 5.0;
				TARGETED_DEVICE_FAMILY = 4;
				WATCHOS_DEPLOYMENT_TARGET = 8.3;
			};
			name = Debug;
		};
		A55BB91E27C4DB1100A73E27 /* Release */ = {
			isa = XCBuildConfiguration;
			buildSettings = {
				ASSETCATALOG_COMPILER_COMPLICATION_NAME = Complication;
				CODE_SIGN_STYLE = Automatic;
				CURRENT_PROJECT_VERSION = 1;
				DEVELOPMENT_TEAM = 66QU74C344;
				GENERATE_INFOPLIST_FILE = YES;
				INFOPLIST_FILE = "connectivity WatchKit Extension/Info.plist";
				INFOPLIST_KEY_CFBundleDisplayName = "connectivity WatchKit Extension";
				INFOPLIST_KEY_CLKComplicationPrincipalClass = "$(PRODUCT_MODULE_NAME).ComplicationController";
				INFOPLIST_KEY_NSHumanReadableCopyright = "";
				INFOPLIST_KEY_WKExtensionDelegateClassName = "$(PRODUCT_MODULE_NAME).ExtensionDelegate";
				INFOPLIST_KEY_WKRunsIndependentlyOfCompanionApp = YES;
				LD_RUNPATH_SEARCH_PATHS = (
					"$(inherited)",
					"@executable_path/Frameworks",
					"@executable_path/../../Frameworks",
				);
				MARKETING_VERSION = 1.0;
				PRODUCT_BUNDLE_IDENTIFIER = bezveze.connectivity.watchkitapp.watchkitextension;
				PRODUCT_NAME = "${TARGET_NAME}";
				SDKROOT = watchos;
				SKIP_INSTALL = YES;
				SWIFT_EMIT_LOC_STRINGS = YES;
				SWIFT_VERSION = 5.0;
				TARGETED_DEVICE_FAMILY = 4;
				VALIDATE_PRODUCT = YES;
				WATCHOS_DEPLOYMENT_TARGET = 8.3;
			};
			name = Release;
		};
		A55BB92127C4DB1100A73E27 /* Debug */ = {
			isa = XCBuildConfiguration;
			buildSettings = {
				ALWAYS_EMBED_SWIFT_STANDARD_LIBRARIES = YES;
				ASSETCATALOG_COMPILER_APPICON_NAME = AppIcon;
				ASSETCATALOG_COMPILER_GLOBAL_ACCENT_COLOR_NAME = AccentColor;
				CODE_SIGN_STYLE = Automatic;
				CURRENT_PROJECT_VERSION = 1;
				DEVELOPMENT_TEAM = 66QU74C344;
				GENERATE_INFOPLIST_FILE = YES;
				IBSC_MODULE = connectivity_WatchKit_Extension;
				INFOPLIST_KEY_CFBundleDisplayName = "connectivity WatchKit App";
				INFOPLIST_KEY_UISupportedInterfaceOrientations = "UIInterfaceOrientationPortrait UIInterfaceOrientationPortraitUpsideDown";
				INFOPLIST_KEY_WKCompanionAppBundleIdentifier = bezveze.connectivity;
				MARKETING_VERSION = 1.0;
				PRODUCT_BUNDLE_IDENTIFIER = bezveze.connectivity.watchkitapp;
				PRODUCT_NAME = "$(TARGET_NAME)";
				SDKROOT = watchos;
				SKIP_INSTALL = YES;
				SWIFT_EMIT_LOC_STRINGS = YES;
				SWIFT_VERSION = 5.0;
				TARGETED_DEVICE_FAMILY = 4;
				WATCHOS_DEPLOYMENT_TARGET = 8.3;
			};
			name = Debug;
		};
		A55BB92227C4DB1100A73E27 /* Release */ = {
			isa = XCBuildConfiguration;
			buildSettings = {
				ALWAYS_EMBED_SWIFT_STANDARD_LIBRARIES = YES;
				ASSETCATALOG_COMPILER_APPICON_NAME = AppIcon;
				ASSETCATALOG_COMPILER_GLOBAL_ACCENT_COLOR_NAME = AccentColor;
				CODE_SIGN_STYLE = Automatic;
				CURRENT_PROJECT_VERSION = 1;
				DEVELOPMENT_TEAM = 66QU74C344;
				GENERATE_INFOPLIST_FILE = YES;
				IBSC_MODULE = connectivity_WatchKit_Extension;
				INFOPLIST_KEY_CFBundleDisplayName = "connectivity WatchKit App";
				INFOPLIST_KEY_UISupportedInterfaceOrientations = "UIInterfaceOrientationPortrait UIInterfaceOrientationPortraitUpsideDown";
				INFOPLIST_KEY_WKCompanionAppBundleIdentifier = bezveze.connectivity;
				MARKETING_VERSION = 1.0;
				PRODUCT_BUNDLE_IDENTIFIER = bezveze.connectivity.watchkitapp;
				PRODUCT_NAME = "$(TARGET_NAME)";
				SDKROOT = watchos;
				SKIP_INSTALL = YES;
				SWIFT_EMIT_LOC_STRINGS = YES;
				SWIFT_VERSION = 5.0;
				TARGETED_DEVICE_FAMILY = 4;
				VALIDATE_PRODUCT = YES;
				WATCHOS_DEPLOYMENT_TARGET = 8.3;
			};
			name = Release;
		};
		A55BB92527C4DB1100A73E27 /* Debug */ = {
			isa = XCBuildConfiguration;
			buildSettings = {
				ASSETCATALOG_COMPILER_APPICON_NAME = AppIcon;
				ASSETCATALOG_COMPILER_GLOBAL_ACCENT_COLOR_NAME = AccentColor;
				CODE_SIGN_STYLE = Automatic;
				CURRENT_PROJECT_VERSION = 1;
				DEVELOPMENT_TEAM = 66QU74C344;
				GENERATE_INFOPLIST_FILE = YES;
				INFOPLIST_FILE = connectivity/Info.plist;
				INFOPLIST_KEY_UIApplicationSupportsIndirectInputEvents = YES;
				INFOPLIST_KEY_UILaunchStoryboardName = LaunchScreen;
				INFOPLIST_KEY_UIMainStoryboardFile = Main;
				INFOPLIST_KEY_UISupportedInterfaceOrientations_iPad = "UIInterfaceOrientationPortrait UIInterfaceOrientationPortraitUpsideDown UIInterfaceOrientationLandscapeLeft UIInterfaceOrientationLandscapeRight";
				INFOPLIST_KEY_UISupportedInterfaceOrientations_iPhone = "UIInterfaceOrientationPortrait UIInterfaceOrientationLandscapeLeft UIInterfaceOrientationLandscapeRight";
				IPHONEOS_DEPLOYMENT_TARGET = 15.2;
				LD_RUNPATH_SEARCH_PATHS = (
					"$(inherited)",
					"@executable_path/Frameworks",
				);
				MARKETING_VERSION = 1.0;
				PRODUCT_BUNDLE_IDENTIFIER = bezveze.connectivity;
				PRODUCT_NAME = "$(TARGET_NAME)";
				SDKROOT = iphoneos;
				SWIFT_EMIT_LOC_STRINGS = YES;
				SWIFT_VERSION = 5.0;
				TARGETED_DEVICE_FAMILY = "1,2";
			};
			name = Debug;
		};
		A55BB92627C4DB1100A73E27 /* Release */ = {
			isa = XCBuildConfiguration;
			buildSettings = {
				ASSETCATALOG_COMPILER_APPICON_NAME = AppIcon;
				ASSETCATALOG_COMPILER_GLOBAL_ACCENT_COLOR_NAME = AccentColor;
				CODE_SIGN_STYLE = Automatic;
				CURRENT_PROJECT_VERSION = 1;
				DEVELOPMENT_TEAM = 66QU74C344;
				GENERATE_INFOPLIST_FILE = YES;
				INFOPLIST_FILE = connectivity/Info.plist;
				INFOPLIST_KEY_UIApplicationSupportsIndirectInputEvents = YES;
				INFOPLIST_KEY_UILaunchStoryboardName = LaunchScreen;
				INFOPLIST_KEY_UIMainStoryboardFile = Main;
				INFOPLIST_KEY_UISupportedInterfaceOrientations_iPad = "UIInterfaceOrientationPortrait UIInterfaceOrientationPortraitUpsideDown UIInterfaceOrientationLandscapeLeft UIInterfaceOrientationLandscapeRight";
				INFOPLIST_KEY_UISupportedInterfaceOrientations_iPhone = "UIInterfaceOrientationPortrait UIInterfaceOrientationLandscapeLeft UIInterfaceOrientationLandscapeRight";
				IPHONEOS_DEPLOYMENT_TARGET = 15.2;
				LD_RUNPATH_SEARCH_PATHS = (
					"$(inherited)",
					"@executable_path/Frameworks",
				);
				MARKETING_VERSION = 1.0;
				PRODUCT_BUNDLE_IDENTIFIER = bezveze.connectivity;
				PRODUCT_NAME = "$(TARGET_NAME)";
				SDKROOT = iphoneos;
				SWIFT_EMIT_LOC_STRINGS = YES;
				SWIFT_VERSION = 5.0;
				TARGETED_DEVICE_FAMILY = "1,2";
				VALIDATE_PRODUCT = YES;
			};
			name = Release;
		};
/* End XCBuildConfiguration section */

/* Begin XCConfigurationList section */
		A55BB8E227C4DB0C00A73E27 /* Build configuration list for PBXProject "connectivity" */ = {
			isa = XCConfigurationList;
			buildConfigurations = (
				A55BB91A27C4DB1100A73E27 /* Debug */,
				A55BB91B27C4DB1100A73E27 /* Release */,
			);
			defaultConfigurationIsVisible = 0;
			defaultConfigurationName = Release;
		};
		A55BB91C27C4DB1100A73E27 /* Build configuration list for PBXNativeTarget "connectivity WatchKit Extension" */ = {
			isa = XCConfigurationList;
			buildConfigurations = (
				A55BB91D27C4DB1100A73E27 /* Debug */,
				A55BB91E27C4DB1100A73E27 /* Release */,
			);
			defaultConfigurationIsVisible = 0;
			defaultConfigurationName = Release;
		};
		A55BB92027C4DB1100A73E27 /* Build configuration list for PBXNativeTarget "connectivity WatchKit App" */ = {
			isa = XCConfigurationList;
			buildConfigurations = (
				A55BB92127C4DB1100A73E27 /* Debug */,
				A55BB92227C4DB1100A73E27 /* Release */,
			);
			defaultConfigurationIsVisible = 0;
			defaultConfigurationName = Release;
		};
		A55BB92427C4DB1100A73E27 /* Build configuration list for PBXNativeTarget "connectivity" */ = {
			isa = XCConfigurationList;
			buildConfigurations = (
				A55BB92527C4DB1100A73E27 /* Debug */,
				A55BB92627C4DB1100A73E27 /* Release */,
			);
			defaultConfigurationIsVisible = 0;
			defaultConfigurationName = Release;
		};
/* End XCConfigurationList section */
	};
	rootObject = A55BB8DF27C4DB0C00A73E27 /* Project object */;
}
